// !$*UTF8*$!
{
	archiveVersion = 1;
	classes = {
	};
	objectVersion = 55;
	objects = {

/* Begin PBXBuildFile section */
		F5DA5BF8273EE080005B5E72 /* SIWAFirebaseApp.swift in Sources */ = {isa = PBXBuildFile; fileRef = F5DA5BF7273EE080005B5E72 /* SIWAFirebaseApp.swift */; };
		F5DA5BFA273EE080005B5E72 /* ContentView.swift in Sources */ = {isa = PBXBuildFile; fileRef = F5DA5BF9273EE080005B5E72 /* ContentView.swift */; };
		F5DA5BFC273EE083005B5E72 /* Assets.xcassets in Resources */ = {isa = PBXBuildFile; fileRef = F5DA5BFB273EE083005B5E72 /* Assets.xcassets */; };
		F5DA5BFF273EE083005B5E72 /* Preview Assets.xcassets in Resources */ = {isa = PBXBuildFile; fileRef = F5DA5BFE273EE083005B5E72 /* Preview Assets.xcassets */; };
		F5DA5C06273EE218005B5E72 /* LoginView.swift in Sources */ = {isa = PBXBuildFile; fileRef = F5DA5C05273EE218005B5E72 /* LoginView.swift */; };
		F5DA5C08273EE24B005B5E72 /* LoginViewModel.swift in Sources */ = {isa = PBXBuildFile; fileRef = F5DA5C07273EE24B005B5E72 /* LoginViewModel.swift */; };
		F5DA5C0B273EE4D5005B5E72 /* FirebaseAuth in Frameworks */ = {isa = PBXBuildFile; productRef = F5DA5C0A273EE4D5005B5E72 /* FirebaseAuth */; };
		F5DA5C0D273EE4D5005B5E72 /* FirebaseFirestore in Frameworks */ = {isa = PBXBuildFile; productRef = F5DA5C0C273EE4D5005B5E72 /* FirebaseFirestore */; };
		F5DA5C0F273EE6D4005B5E72 /* GoogleService-Info.plist in Resources */ = {isa = PBXBuildFile; fileRef = F5DA5C0E273EE6D4005B5E72 /* GoogleService-Info.plist */; };
		F5DA5C12273EE87F005B5E72 /* HomeView.swift in Sources */ = {isa = PBXBuildFile; fileRef = F5DA5C11273EE87F005B5E72 /* HomeView.swift */; };
/* End PBXBuildFile section */

/* Begin PBXFileReference section */
		F5DA5BF4273EE080005B5E72 /* SIWAFirebase.app */ = {isa = PBXFileReference; explicitFileType = wrapper.application; includeInIndex = 0; path = SIWAFirebase.app; sourceTree = BUILT_PRODUCTS_DIR; };
		F5DA5BF7273EE080005B5E72 /* SIWAFirebaseApp.swift */ = {isa = PBXFileReference; lastKnownFileType = sourcecode.swift; path = SIWAFirebaseApp.swift; sourceTree = "<group>"; };
		F5DA5BF9273EE080005B5E72 /* ContentView.swift */ = {isa = PBXFileReference; lastKnownFileType = sourcecode.swift; path = ContentView.swift; sourceTree = "<group>"; };
		F5DA5BFB273EE083005B5E72 /* Assets.xcassets */ = {isa = PBXFileReference; lastKnownFileType = folder.assetcatalog; path = Assets.xcassets; sourceTree = "<group>"; };
		F5DA5BFE273EE083005B5E72 /* Preview Assets.xcassets */ = {isa = PBXFileReference; lastKnownFileType = folder.assetcatalog; path = "Preview Assets.xcassets"; sourceTree = "<group>"; };
		F5DA5C05273EE218005B5E72 /* LoginView.swift */ = {isa = PBXFileReference; lastKnownFileType = sourcecode.swift; path = LoginView.swift; sourceTree = "<group>"; };
		F5DA5C07273EE24B005B5E72 /* LoginViewModel.swift */ = {isa = PBXFileReference; lastKnownFileType = sourcecode.swift; path = LoginViewModel.swift; sourceTree = "<group>"; };
		F5DA5C0E273EE6D4005B5E72 /* GoogleService-Info.plist */ = {isa = PBXFileReference; fileEncoding = 4; lastKnownFileType = text.plist.xml; path = "GoogleService-Info.plist"; sourceTree = "<group>"; };
		F5DA5C10273EE75A005B5E72 /* SIWAFirebase.entitlements */ = {isa = PBXFileReference; lastKnownFileType = text.plist.entitlements; path = SIWAFirebase.entitlements; sourceTree = "<group>"; };
		F5DA5C11273EE87F005B5E72 /* HomeView.swift */ = {isa = PBXFileReference; lastKnownFileType = sourcecode.swift; path = HomeView.swift; sourceTree = "<group>"; };
/* End PBXFileReference section */

/* Begin PBXFrameworksBuildPhase section */
		F5DA5BF1273EE080005B5E72 /* Frameworks */ = {
			isa = PBXFrameworksBuildPhase;
			buildActionMask = 2147483647;
			files = (
				F5DA5C0B273EE4D5005B5E72 /* FirebaseAuth in Frameworks */,
				F5DA5C0D273EE4D5005B5E72 /* FirebaseFirestore in Frameworks */,
			);
			runOnlyForDeploymentPostprocessing = 0;
		};
/* End PBXFrameworksBuildPhase section */

/* Begin PBXGroup section */
		F5DA5BEB273EE080005B5E72 = {
			isa = PBXGroup;
			children = (
				F5DA5BF6273EE080005B5E72 /* SIWAFirebase */,
				F5DA5BF5273EE080005B5E72 /* Products */,
			);
			sourceTree = "<group>";
		};
		F5DA5BF5273EE080005B5E72 /* Products */ = {
			isa = PBXGroup;
			children = (
				F5DA5BF4273EE080005B5E72 /* SIWAFirebase.app */,
			);
			name = Products;
			sourceTree = "<group>";
		};
		F5DA5BF6273EE080005B5E72 /* SIWAFirebase */ = {
			isa = PBXGroup;
			children = (
				F5DA5C10273EE75A005B5E72 /* SIWAFirebase.entitlements */,
				F5DA5BF7273EE080005B5E72 /* SIWAFirebaseApp.swift */,
				F5DA5C05273EE218005B5E72 /* LoginView.swift */,
				F5DA5C0E273EE6D4005B5E72 /* GoogleService-Info.plist */,
				F5DA5C07273EE24B005B5E72 /* LoginViewModel.swift */,
				F5DA5C11273EE87F005B5E72 /* HomeView.swift */,
				F5DA5BF9273EE080005B5E72 /* ContentView.swift */,
				F5DA5BFB273EE083005B5E72 /* Assets.xcassets */,
				F5DA5BFD273EE083005B5E72 /* Preview Content */,
			);
			path = SIWAFirebase;
			sourceTree = "<group>";
		};
		F5DA5BFD273EE083005B5E72 /* Preview Content */ = {
			isa = PBXGroup;
			children = (
				F5DA5BFE273EE083005B5E72 /* Preview Assets.xcassets */,
			);
			path = "Preview Content";
			sourceTree = "<group>";
		};
/* End PBXGroup section */

/* Begin PBXNativeTarget section */
		F5DA5BF3273EE080005B5E72 /* SIWAFirebase */ = {
			isa = PBXNativeTarget;
			buildConfigurationList = F5DA5C02273EE083005B5E72 /* Build configuration list for PBXNativeTarget "SIWAFirebase" */;
			buildPhases = (
				F5DA5BF0273EE080005B5E72 /* Sources */,
				F5DA5BF1273EE080005B5E72 /* Frameworks */,
				F5DA5BF2273EE080005B5E72 /* Resources */,
			);
			buildRules = (
			);
			dependencies = (
			);
			name = SIWAFirebase;
			packageProductDependencies = (
				F5DA5C0A273EE4D5005B5E72 /* FirebaseAuth */,
				F5DA5C0C273EE4D5005B5E72 /* FirebaseFirestore */,
			);
			productName = SIWAFirebase;
			productReference = F5DA5BF4273EE080005B5E72 /* SIWAFirebase.app */;
			productType = "com.apple.product-type.application";
		};
/* End PBXNativeTarget section */

/* Begin PBXProject section */
		F5DA5BEC273EE080005B5E72 /* Project object */ = {
			isa = PBXProject;
			attributes = {
				BuildIndependentTargetsInParallel = 1;
				LastSwiftUpdateCheck = 1300;
				LastUpgradeCheck = 1300;
				TargetAttributes = {
					F5DA5BF3273EE080005B5E72 = {
						CreatedOnToolsVersion = 13.0;
					};
				};
			};
			buildConfigurationList = F5DA5BEF273EE080005B5E72 /* Build configuration list for PBXProject "SIWAFirebase" */;
			compatibilityVersion = "Xcode 13.0";
			developmentRegion = en;
			hasScannedForEncodings = 0;
			knownRegions = (
				en,
				Base,
			);
			mainGroup = F5DA5BEB273EE080005B5E72;
			packageReferences = (
				F5DA5C09273EE4D5005B5E72 /* XCRemoteSwiftPackageReference "firebase-ios-sdk" */,
			);
			productRefGroup = F5DA5BF5273EE080005B5E72 /* Products */;
			projectDirPath = "";
			projectRoot = "";
			targets = (
				F5DA5BF3273EE080005B5E72 /* SIWAFirebase */,
			);
		};
/* End PBXProject section */

/* Begin PBXResourcesBuildPhase section */
		F5DA5BF2273EE080005B5E72 /* Resources */ = {
			isa = PBXResourcesBuildPhase;
			buildActionMask = 2147483647;
			files = (
				F5DA5BFF273EE083005B5E72 /* Preview Assets.xcassets in Resources */,
				F5DA5C0F273EE6D4005B5E72 /* GoogleService-Info.plist in Resources */,
				F5DA5BFC273EE083005B5E72 /* Assets.xcassets in Resources */,
			);
			runOnlyForDeploymentPostprocessing = 0;
		};
/* End PBXResourcesBuildPhase section */

/* Begin PBXSourcesBuildPhase section */
		F5DA5BF0273EE080005B5E72 /* Sources */ = {
			isa = PBXSourcesBuildPhase;
			buildActionMask = 2147483647;
			files = (
				F5DA5C08273EE24B005B5E72 /* LoginViewModel.swift in Sources */,
				F5DA5C06273EE218005B5E72 /* LoginView.swift in Sources */,
				F5DA5BFA273EE080005B5E72 /* ContentView.swift in Sources */,
				F5DA5C12273EE87F005B5E72 /* HomeView.swift in Sources */,
				F5DA5BF8273EE080005B5E72 /* SIWAFirebaseApp.swift in Sources */,
			);
			runOnlyForDeploymentPostprocessing = 0;
		};
/* End PBXSourcesBuildPhase section */

/* Begin XCBuildConfiguration section */
		F5DA5C00273EE083005B5E72 /* Debug */ = {
			isa = XCBuildConfiguration;
			buildSettings = {
				ALWAYS_SEARCH_USER_PATHS = NO;
				CLANG_ANALYZER_NONNULL = YES;
				CLANG_ANALYZER_NUMBER_OBJECT_CONVERSION = YES_AGGRESSIVE;
				CLANG_CXX_LANGUAGE_STANDARD = "gnu++17";
				CLANG_CXX_LIBRARY = "libc++";
				CLANG_ENABLE_MODULES = YES;
				CLANG_ENABLE_OBJC_ARC = YES;
				CLANG_ENABLE_OBJC_WEAK = YES;
				CLANG_WARN_BLOCK_CAPTURE_AUTORELEASING = YES;
				CLANG_WARN_BOOL_CONVERSION = YES;
				CLANG_WARN_COMMA = YES;
				CLANG_WARN_CONSTANT_CONVERSION = YES;
				CLANG_WARN_DEPRECATED_OBJC_IMPLEMENTATIONS = YES;
				CLANG_WARN_DIRECT_OBJC_ISA_USAGE = YES_ERROR;
				CLANG_WARN_DOCUMENTATION_COMMENTS = YES;
				CLANG_WARN_EMPTY_BODY = YES;
				CLANG_WARN_ENUM_CONVERSION = YES;
				CLANG_WARN_INFINITE_RECURSION = YES;
				CLANG_WARN_INT_CONVERSION = YES;
				CLANG_WARN_NON_LITERAL_NULL_CONVERSION = YES;
				CLANG_WARN_OBJC_IMPLICIT_RETAIN_SELF = YES;
				CLANG_WARN_OBJC_LITERAL_CONVERSION = YES;
				CLANG_WARN_OBJC_ROOT_CLASS = YES_ERROR;
				CLANG_WARN_QUOTED_INCLUDE_IN_FRAMEWORK_HEADER = YES;
				CLANG_WARN_RANGE_LOOP_ANALYSIS = YES;
				CLANG_WARN_STRICT_PROTOTYPES = YES;
				CLANG_WARN_SUSPICIOUS_MOVE = YES;
				CLANG_WARN_UNGUARDED_AVAILABILITY = YES_AGGRESSIVE;
				CLANG_WARN_UNREACHABLE_CODE = YES;
				CLANG_WARN__DUPLICATE_METHOD_MATCH = YES;
				COPY_PHASE_STRIP = NO;
				DEBUG_INFORMATION_FORMAT = dwarf;
				ENABLE_STRICT_OBJC_MSGSEND = YES;
				ENABLE_TESTABILITY = YES;
				GCC_C_LANGUAGE_STANDARD = gnu11;
				GCC_DYNAMIC_NO_PIC = NO;
				GCC_NO_COMMON_BLOCKS = YES;
				GCC_OPTIMIZATION_LEVEL = 0;
				GCC_PREPROCESSOR_DEFINITIONS = (
					"DEBUG=1",
					"$(inherited)",
				);
				GCC_WARN_64_TO_32_BIT_CONVERSION = YES;
				GCC_WARN_ABOUT_RETURN_TYPE = YES_ERROR;
				GCC_WARN_UNDECLARED_SELECTOR = YES;
				GCC_WARN_UNINITIALIZED_AUTOS = YES_AGGRESSIVE;
				GCC_WARN_UNUSED_FUNCTION = YES;
				GCC_WARN_UNUSED_VARIABLE = YES;
				IPHONEOS_DEPLOYMENT_TARGET = 15.0;
				MTL_ENABLE_DEBUG_INFO = INCLUDE_SOURCE;
				MTL_FAST_MATH = YES;
				ONLY_ACTIVE_ARCH = YES;
				SDKROOT = iphoneos;
				SWIFT_ACTIVE_COMPILATION_CONDITIONS = DEBUG;
				SWIFT_OPTIMIZATION_LEVEL = "-Onone";
			};
			name = Debug;
		};
		F5DA5C01273EE083005B5E72 /* Release */ = {
			isa = XCBuildConfiguration;
			buildSettings = {
				ALWAYS_SEARCH_USER_PATHS = NO;
				CLANG_ANALYZER_NONNULL = YES;
				CLANG_ANALYZER_NUMBER_OBJECT_CONVERSION = YES_AGGRESSIVE;
				CLANG_CXX_LANGUAGE_STANDARD = "gnu++17";
				CLANG_CXX_LIBRARY = "libc++";
				CLANG_ENABLE_MODULES = YES;
				CLANG_ENABLE_OBJC_ARC = YES;
				CLANG_ENABLE_OBJC_WEAK = YES;
				CLANG_WARN_BLOCK_CAPTURE_AUTORELEASING = YES;
				CLANG_WARN_BOOL_CONVERSION = YES;
				CLANG_WARN_COMMA = YES;
				CLANG_WARN_CONSTANT_CONVERSION = YES;
				CLANG_WARN_DEPRECATED_OBJC_IMPLEMENTATIONS = YES;
				CLANG_WARN_DIRECT_OBJC_ISA_USAGE = YES_ERROR;
				CLANG_WARN_DOCUMENTATION_COMMENTS = YES;
				CLANG_WARN_EMPTY_BODY = YES;
				CLANG_WARN_ENUM_CONVERSION = YES;
				CLANG_WARN_INFINITE_RECURSION = YES;
				CLANG_WARN_INT_CONVERSION = YES;
				CLANG_WARN_NON_LITERAL_NULL_CONVERSION = YES;
				CLANG_WARN_OBJC_IMPLICIT_RETAIN_SELF = YES;
				CLANG_WARN_OBJC_LITERAL_CONVERSION = YES;
				CLANG_WARN_OBJC_ROOT_CLASS = YES_ERROR;
				CLANG_WARN_QUOTED_INCLUDE_IN_FRAMEWORK_HEADER = YES;
				CLANG_WARN_RANGE_LOOP_ANALYSIS = YES;
				CLANG_WARN_STRICT_PROTOTYPES = YES;
				CLANG_WARN_SUSPICIOUS_MOVE = YES;
				CLANG_WARN_UNGUARDED_AVAILABILITY = YES_AGGRESSIVE;
				CLANG_WARN_UNREACHABLE_CODE = YES;
				CLANG_WARN__DUPLICATE_METHOD_MATCH = YES;
				COPY_PHASE_STRIP = NO;
				DEBUG_INFORMATION_FORMAT = "dwarf-with-dsym";
				ENABLE_NS_ASSERTIONS = NO;
				ENABLE_STRICT_OBJC_MSGSEND = YES;
				GCC_C_LANGUAGE_STANDARD = gnu11;
				GCC_NO_COMMON_BLOCKS = YES;
				GCC_WARN_64_TO_32_BIT_CONVERSION = YES;
				GCC_WARN_ABOUT_RETURN_TYPE = YES_ERROR;
				GCC_WARN_UNDECLARED_SELECTOR = YES;
				GCC_WARN_UNINITIALIZED_AUTOS = YES_AGGRESSIVE;
				GCC_WARN_UNUSED_FUNCTION = YES;
				GCC_WARN_UNUSED_VARIABLE = YES;
				IPHONEOS_DEPLOYMENT_TARGET = 15.0;
				MTL_ENABLE_DEBUG_INFO = NO;
				MTL_FAST_MATH = YES;
				SDKROOT = iphoneos;
				SWIFT_COMPILATION_MODE = wholemodule;
				SWIFT_OPTIMIZATION_LEVEL = "-O";
				VALIDATE_PRODUCT = YES;
			};
			name = Release;
		};
		F5DA5C03273EE083005B5E72 /* Debug */ = {
			isa = XCBuildConfiguration;
			buildSettings = {
				ASSETCATALOG_COMPILER_APPICON_NAME = AppIcon;
				ASSETCATALOG_COMPILER_GLOBAL_ACCENT_COLOR_NAME = AccentColor;
				CODE_SIGN_ENTITLEMENTS = SIWAFirebase/SIWAFirebase.entitlements;
				CODE_SIGN_STYLE = Automatic;
				CURRENT_PROJECT_VERSION = 1;
				DEVELOPMENT_ASSET_PATHS = "\"SIWAFirebase/Preview Content\"";
				DEVELOPMENT_TEAM = Q98J247HTL;
				ENABLE_PREVIEWS = YES;
				GENERATE_INFOPLIST_FILE = YES;
				INFOPLIST_KEY_UIApplicationSceneManifest_Generation = YES;
				INFOPLIST_KEY_UIApplicationSupportsIndirectInputEvents = YES;
				INFOPLIST_KEY_UILaunchScreen_Generation = YES;
				INFOPLIST_KEY_UISupportedInterfaceOrientations_iPad = "UIInterfaceOrientationPortrait UIInterfaceOrientationPortraitUpsideDown UIInterfaceOrientationLandscapeLeft UIInterfaceOrientationLandscapeRight";
				INFOPLIST_KEY_UISupportedInterfaceOrientations_iPhone = "UIInterfaceOrientationPortrait UIInterfaceOrientationLandscapeLeft UIInterfaceOrientationLandscapeRight";
				IPHONEOS_DEPLOYMENT_TARGET = 14.0;
				LD_RUNPATH_SEARCH_PATHS = (
					"$(inherited)",
					"@executable_path/Frameworks",
				);
				MARKETING_VERSION = 1.0;
				PRODUCT_BUNDLE_IDENTIFIER = com.exploringswift.SIWAFirebase;
				PRODUCT_NAME = "$(TARGET_NAME)";
				SWIFT_EMIT_LOC_STRINGS = YES;
				SWIFT_VERSION = 5.0;
				TARGETED_DEVICE_FAMILY = "1,2";
			};
			name = Debug;
		};
		F5DA5C04273EE083005B5E72 /* Release */ = {
			isa = XCBuildConfiguration;
			buildSettings = {
				ASSETCATALOG_COMPILER_APPICON_NAME = AppIcon;
				ASSETCATALOG_COMPILER_GLOBAL_ACCENT_COLOR_NAME = AccentColor;
				CODE_SIGN_ENTITLEMENTS = SIWAFirebase/SIWAFirebase.entitlements;
				CODE_SIGN_STYLE = Automatic;
				CURRENT_PROJECT_VERSION = 1;
				DEVELOPMENT_ASSET_PATHS = "\"SIWAFirebase/Preview Content\"";
				DEVELOPMENT_TEAM = Q98J247HTL;
				ENABLE_PREVIEWS = YES;
				GENERATE_INFOPLIST_FILE = YES;
				INFOPLIST_KEY_UIApplicationSceneManifest_Generation = YES;
				INFOPLIST_KEY_UIApplicationSupportsIndirectInputEvents = YES;
				INFOPLIST_KEY_UILaunchScreen_Generation = YES;
				INFOPLIST_KEY_UISupportedInterfaceOrientations_iPad = "UIInterfaceOrientationPortrait UIInterfaceOrientationPortraitUpsideDown UIInterfaceOrientationLandscapeLeft UIInterfaceOrientationLandscapeRight";
				INFOPLIST_KEY_UISupportedInterfaceOrientations_iPhone = "UIInterfaceOrientationPortrait UIInterfaceOrientationLandscapeLeft UIInterfaceOrientationLandscapeRight";
				IPHONEOS_DEPLOYMENT_TARGET = 14.0;
				LD_RUNPATH_SEARCH_PATHS = (
					"$(inherited)",
					"@executable_path/Frameworks",
				);
				MARKETING_VERSION = 1.0;
				PRODUCT_BUNDLE_IDENTIFIER = com.exploringswift.SIWAFirebase;
				PRODUCT_NAME = "$(TARGET_NAME)";
				SWIFT_EMIT_LOC_STRINGS = YES;
				SWIFT_VERSION = 5.0;
				TARGETED_DEVICE_FAMILY = "1,2";
			};
			name = Release;
		};
/* End XCBuildConfiguration section */

/* Begin XCConfigurationList section */
		F5DA5BEF273EE080005B5E72 /* Build configuration list for PBXProject "SIWAFirebase" */ = {
			isa = XCConfigurationList;
			buildConfigurations = (
				F5DA5C00273EE083005B5E72 /* Debug */,
				F5DA5C01273EE083005B5E72 /* Release */,
			);
			defaultConfigurationIsVisible = 0;
			defaultConfigurationName = Release;
		};
		F5DA5C02273EE083005B5E72 /* Build configuration list for PBXNativeTarget "SIWAFirebase" */ = {
			isa = XCConfigurationList;
			buildConfigurations = (
				F5DA5C03273EE083005B5E72 /* Debug */,
				F5DA5C04273EE083005B5E72 /* Release */,
			);
			defaultConfigurationIsVisible = 0;
			defaultConfigurationName = Release;
		};
/* End XCConfigurationList section */

/* Begin XCRemoteSwiftPackageReference section */
		F5DA5C09273EE4D5005B5E72 /* XCRemoteSwiftPackageReference "firebase-ios-sdk" */ = {
			isa = XCRemoteSwiftPackageReference;
			repositoryURL = "https://github.com/firebase/firebase-ios-sdk.git";
			requirement = {
				branch = master;
				kind = branch;
			};
		};
/* End XCRemoteSwiftPackageReference section */

/* Begin XCSwiftPackageProductDependency section */
		F5DA5C0A273EE4D5005B5E72 /* FirebaseAuth */ = {
			isa = XCSwiftPackageProductDependency;
			package = F5DA5C09273EE4D5005B5E72 /* XCRemoteSwiftPackageReference "firebase-ios-sdk" */;
			productName = FirebaseAuth;
		};
		F5DA5C0C273EE4D5005B5E72 /* FirebaseFirestore */ = {
			isa = XCSwiftPackageProductDependency;
			package = F5DA5C09273EE4D5005B5E72 /* XCRemoteSwiftPackageReference "firebase-ios-sdk" */;
			productName = FirebaseFirestore;
		};
/* End XCSwiftPackageProductDependency section */
	};
	rootObject = F5DA5BEC273EE080005B5E72 /* Project object */;
}
